# THIS IS AN AUTOGENERATED FILE. DO NOT EDIT THIS FILE DIRECTLY.
# yarn lockfile v1


"@babel/parser@^7.23.9":
  version "7.23.9"
  resolved "https://registry.npmmirror.com/@babel/parser/-/parser-7.23.9.tgz"
  integrity sha512-9tcKgqKbs3xGJ+NtKF2ndOBBLVwPjl1SHxPQkd36r3Dlirw3xWUeGaTbqr7uGZcTaxkVNwc+03SVP7aCdWrTlA==

"@esbuild/darwin-x64@0.21.5":
  version "0.21.5"
  resolved "https://registry.npmmirror.com/@esbuild/darwin-x64/-/darwin-x64-0.21.5.tgz"
  integrity sha512-se/JjF8NlmKVG4kNIuyWMV/22ZaerB+qaSi5MdrXtd6R08kvs2qCN4C09miupktDitvh8jRFflwGFBQcxZRjbw==

"@jridgewell/sourcemap-codec@^1.4.15":
  version "1.4.15"
  resolved "https://registry.npmmirror.com/@jridgewell/sourcemap-codec/-/sourcemap-codec-1.4.15.tgz"
  integrity sha512-eF2rxCRulEKXHTRiDrDy6erMYWqNw4LPdQ8UQA4huuxaQsVeRPFl2oM8oDGxMFhJUWZf9McpLtJasDDZb/Bpeg==

"@rollup/rollup-darwin-x64@4.28.1":
  version "4.28.1"
  resolved "https://registry.npmmirror.com/@rollup/rollup-darwin-x64/-/rollup-darwin-x64-4.28.1.tgz"
  integrity sha512-WsvbOunsUk0wccO/TV4o7IKgloJ942hVFK1CLatwv6TJspcCZb9umQkPdvB7FihmdxgaKR5JyxDjWpCOp4uZlQ==

"@types/estree@1.0.6":
  version "1.0.6"
  resolved "https://registry.npmmirror.com/@types/estree/-/estree-1.0.6.tgz"
  integrity sha512-AYnb1nQyY49te+VRAVgmzfcgjYS91mY5P0TKUDCLEM+gNnA+3T6rWITXRLYCpahpqSQbN5cE+gHpnPyXjHWxcw==

"@vitejs/plugin-vue@^5.0.4":
  version "5.2.1"
  resolved "https://registry.npmmirror.com/@vitejs/plugin-vue/-/plugin-vue-5.2.1.tgz"
  integrity sha512-cxh314tzaWwOLqVes2gnnCtvBDcM1UMdn+iFR+UjAn411dPT3tOmqrJjbMd7koZpMAmBM/GqeV4n9ge7JSiJJQ==

"@vue/compiler-core@3.4.20":
  version "3.4.20"
  resolved "https://registry.npmmirror.com/@vue/compiler-core/-/compiler-core-3.4.20.tgz"
  integrity sha512-l7M+xUuL8hrGtRLkrf+62d9zucAdgqNBTbJ/NufCOIuJQhauhfyAKH9ra/qUctCXcULwmclGAVpvmxjbBO30qg==
  dependencies:
    "@babel/parser" "^7.23.9"
    "@vue/shared" "3.4.20"
    entities "^4.5.0"
    estree-walker "^2.0.2"
    source-map-js "^1.0.2"

"@vue/compiler-dom@3.4.20":
  version "3.4.20"
  resolved "https://registry.npmmirror.com/@vue/compiler-dom/-/compiler-dom-3.4.20.tgz"
  integrity sha512-/cSBGL79HFBYgDnqCNKErOav3bPde3n0sJwJM2Z09rXlkiowV/2SG1tgDAiWS1CatS4Cvo0o74e1vNeCK1R3RA==
  dependencies:
    "@vue/compiler-core" "3.4.20"
    "@vue/shared" "3.4.20"

"@vue/compiler-sfc@3.4.20":
  version "3.4.20"
  resolved "https://registry.npmmirror.com/@vue/compiler-sfc/-/compiler-sfc-3.4.20.tgz"
  integrity sha512-nPuTZz0yxTPzjyYe+9nQQsFYImcz/57UX8N3jyhl5oIUUs2jqqAMaULsAlJwve3qNYfjQzq0bwy3pqJrN9ecZw==
  dependencies:
    "@babel/parser" "^7.23.9"
    "@vue/compiler-core" "3.4.20"
    "@vue/compiler-dom" "3.4.20"
    "@vue/compiler-ssr" "3.4.20"
    "@vue/shared" "3.4.20"
    estree-walker "^2.0.2"
    magic-string "^0.30.7"
    postcss "^8.4.35"
    source-map-js "^1.0.2"

"@vue/compiler-ssr@3.4.20":
  version "3.4.20"
  resolved "https://registry.npmmirror.com/@vue/compiler-ssr/-/compiler-ssr-3.4.20.tgz"
  integrity sha512-b3gFQPiHLvI12C56otzBPpQhZ5kgkJ5RMv/zpLjLC2BIFwX5GktDqYQ7xg0Q2grP6uFI8al3beVKvAVxFtXmIg==
  dependencies:
    "@vue/compiler-dom" "3.4.20"
    "@vue/shared" "3.4.20"

"@vue/devtools-api@^6.6.4":
  version "6.6.4"
  resolved "https://registry.npmmirror.com/@vue/devtools-api/-/devtools-api-6.6.4.tgz"
  integrity sha512-sGhTPMuXqZ1rVOk32RylztWkfXTRhuS7vgAKv0zjqk8gbsHkJ7xfFf+jbySxt7tWObEJwyKaHMikV/WGDiQm8g==

"@vue/reactivity@3.4.20":
  version "3.4.20"
  resolved "https://registry.npmmirror.com/@vue/reactivity/-/reactivity-3.4.20.tgz"
  integrity sha512-P5LJcxUkG6inlHr6MHVA4AVFAmRYJQ7ONGWJILNjMjoYuEXFhYviSCb9BEMyszSG/1kWCZbtWQlKSLasFRpThw==
  dependencies:
    "@vue/shared" "3.4.20"

"@vue/runtime-core@3.4.20":
  version "3.4.20"
  resolved "https://registry.npmmirror.com/@vue/runtime-core/-/runtime-core-3.4.20.tgz"
  integrity sha512-MPvsQpGAxoBqLHjqopt4YPtUYBpq0K6oAWDTwIR1CTNZ3y9O/J2ZVh+i2JpxKNYwANJBiZ20O99NE20uisB7xw==
  dependencies:
    "@vue/reactivity" "3.4.20"
    "@vue/shared" "3.4.20"

"@vue/runtime-dom@3.4.20":
  version "3.4.20"
  resolved "https://registry.npmmirror.com/@vue/runtime-dom/-/runtime-dom-3.4.20.tgz"
  integrity sha512-OkbPVP69H+8m74543zMAAx/LIkajxufYyow41gc0s5iF0uplT5uTQ4llDYu1GeJZEI8wjL5ueiPQruk4qwOMmA==
  dependencies:
    "@vue/runtime-core" "3.4.20"
    "@vue/shared" "3.4.20"
    csstype "^3.1.3"

"@vue/server-renderer@3.4.20":
  version "3.4.20"
  resolved "https://registry.npmmirror.com/@vue/server-renderer/-/server-renderer-3.4.20.tgz"
  integrity sha512-w3VH2GuwxQHA6pJo/HCV22OfVC8Mw4oeHQM+vKeqtRK0OPE1Wilnh+P/SDVGGxPjJsGmyfphi0dbw8UKZQJH9w==
  dependencies:
    "@vue/compiler-ssr" "3.4.20"
    "@vue/shared" "3.4.20"

"@vue/shared@3.4.20":
  version "3.4.20"
  resolved "https://registry.npmmirror.com/@vue/shared/-/shared-3.4.20.tgz"
  integrity sha512-KTEngal0aiUvNJ6I1Chk5Ew5XqChsFsxP4GKAYXWb99zKJWjNU72p2FWEOmZWHxHcqtniOJsgnpd3zizdpfEag==

"@vuetify/loader-shared@^2.0.3":
  version "2.0.3"
  resolved "https://registry.npmmirror.com/@vuetify/loader-shared/-/loader-shared-2.0.3.tgz"
  integrity sha512-Ss3GC7eJYkp2SF6xVzsT7FAruEmdihmn4OCk2+UocREerlXKWgOKKzTN5PN3ZVN5q05jHHrsNhTuWbhN61Bpdg==
  dependencies:
    upath "^2.0.1"

csstype@^3.1.3:
  version "3.1.3"
  resolved "https://registry.npmmirror.com/csstype/-/csstype-3.1.3.tgz"
  integrity sha512-M1uQkMl8rQK/szD0LNhtqxIPLpimGm8sOBwU7lLnCpSbTyY3yeU1Vc7l4KT5zT4s/yOxHH5O7tIuuLOCnLADRw==

debug@^4.3.3:
  version "4.3.7"
  resolved "https://registry.npmmirror.com/debug/-/debug-4.3.7.tgz"
  integrity sha512-Er2nc/H7RrMXZBFCEim6TCmMk02Z8vLC2Rbi1KEBggpo0fS6l0S1nnapwmIi3yW/+GOJap1Krg4w0Hg80oCqgQ==
  dependencies:
    ms "^2.1.3"

entities@^4.5.0:
  version "4.5.0"
  resolved "https://registry.npmmirror.com/entities/-/entities-4.5.0.tgz"
  integrity sha512-V0hjH4dGPh9Ao5p0MoRY6BVqtwCjhz6vI5LT8AJ55H+4g9/4vbHx1I54fS0XuclLhDHArPQCiMjDxjaL8fPxhw==

esbuild@^0.21.3:
  version "0.21.5"
  resolved "https://registry.npmmirror.com/esbuild/-/esbuild-0.21.5.tgz"
  integrity sha512-mg3OPMV4hXywwpoDxu3Qda5xCKQi+vCTZq8S9J/EpkhB2HzKXq4SNFZE3+NK93JYxc8VMSep+lOUSC/RVKaBqw==
  optionalDependencies:
    "@esbuild/aix-ppc64" "0.21.5"
    "@esbuild/android-arm" "0.21.5"
    "@esbuild/android-arm64" "0.21.5"
    "@esbuild/android-x64" "0.21.5"
    "@esbuild/darwin-arm64" "0.21.5"
    "@esbuild/darwin-x64" "0.21.5"
    "@esbuild/freebsd-arm64" "0.21.5"
    "@esbuild/freebsd-x64" "0.21.5"
    "@esbuild/linux-arm" "0.21.5"
    "@esbuild/linux-arm64" "0.21.5"
    "@esbuild/linux-ia32" "0.21.5"
    "@esbuild/linux-loong64" "0.21.5"
    "@esbuild/linux-mips64el" "0.21.5"
    "@esbuild/linux-ppc64" "0.21.5"
    "@esbuild/linux-riscv64" "0.21.5"
    "@esbuild/linux-s390x" "0.21.5"
    "@esbuild/linux-x64" "0.21.5"
    "@esbuild/netbsd-x64" "0.21.5"
    "@esbuild/openbsd-x64" "0.21.5"
    "@esbuild/sunos-x64" "0.21.5"
    "@esbuild/win32-arm64" "0.21.5"
    "@esbuild/win32-ia32" "0.21.5"
    "@esbuild/win32-x64" "0.21.5"

estree-walker@^2.0.2:
  version "2.0.2"
  resolved "https://registry.npmmirror.com/estree-walker/-/estree-walker-2.0.2.tgz"
  integrity sha512-Rfkk/Mp/DL7JVje3u18FxFujQlTNR2q6QfMSMB7AvCBx91NGj/ba3kCfza0f6dVDbw7YlRf/nDrn7pQrCCyQ/w==

fsevents@~2.3.2, fsevents@~2.3.3:
  version "2.3.3"
  resolved "https://registry.npmmirror.com/fsevents/-/fsevents-2.3.3.tgz"
  integrity sha512-5xoDfX+fL7faATnagmWPpbFtwh/R77WmMMqqHGS65C3vvB0YHrgF+B1YmZ3441tMj5n63k0212XNoJwzlhffQw==

magic-string@^0.30.7:
  version "0.30.7"
  resolved "https://registry.npmmirror.com/magic-string/-/magic-string-0.30.7.tgz"
  integrity sha512-8vBuFF/I/+OSLRmdf2wwFCJCz+nSn0m6DPvGH1fS/KiQoSaR+sETbov0eIk9KhEKy8CYqIkIAnbohxT/4H0kuA==
  dependencies:
    "@jridgewell/sourcemap-codec" "^1.4.15"

ms@^2.1.3:
  version "2.1.3"
  resolved "https://registry.npmmirror.com/ms/-/ms-2.1.3.tgz"
  integrity sha512-6FlzubTLZG3J2a/NVCAleEhjzq5oxgHyaCU9yYXvcLsvoVaHJq/s5xXI6/XXP6tz7R9xAOtHnSO/tXtF3WRTlA==

nanoid@^3.3.7:
  version "3.3.7"
  resolved "https://registry.npmmirror.com/nanoid/-/nanoid-3.3.7.tgz"
  integrity sha512-eSRppjcPIatRIMC1U6UngP8XFcz8MQWGQdt1MTBQ7NaAmvXDfvNxbvWV3x2y6CdEUciCSsDHDQZbhYaB8QEo2g==

picocolors@^1.1.1:
  version "1.1.1"
  resolved "https://registry.npmmirror.com/picocolors/-/picocolors-1.1.1.tgz"
  integrity sha512-xceH2snhtb5M9liqDsmEw56le376mTZkEX/jEb/RxNFyegNul7eNslCXP9FDj/Lcu0X8KEyMceP2ntpaHrDEVA==

postcss@^8.4.35, postcss@^8.4.43:
  version "8.4.49"
  resolved "https://registry.npmmirror.com/postcss/-/postcss-8.4.49.tgz"
  integrity sha512-OCVPnIObs4N29kxTjzLfUryOkvZEq+pf8jTF0lg8E7uETuWHA+v7j3c/xJmiqpX450191LlmZfUKkXxkTry7nA==
  dependencies:
    nanoid "^3.3.7"
    picocolors "^1.1.1"
    source-map-js "^1.2.1"

rollup@^4.20.0:
  version "4.28.1"
  resolved "https://registry.npmmirror.com/rollup/-/rollup-4.28.1.tgz"
  integrity sha512-61fXYl/qNVinKmGSTHAZ6Yy8I3YIJC/r2m9feHo6SwVAVcLT5MPwOUFe7EuURA/4m0NR8lXG4BBXuo/IZEsjMg==
  dependencies:
    "@types/estree" "1.0.6"
  optionalDependencies:
    "@rollup/rollup-android-arm-eabi" "4.28.1"
    "@rollup/rollup-android-arm64" "4.28.1"
    "@rollup/rollup-darwin-arm64" "4.28.1"
    "@rollup/rollup-darwin-x64" "4.28.1"
    "@rollup/rollup-freebsd-arm64" "4.28.1"
    "@rollup/rollup-freebsd-x64" "4.28.1"
    "@rollup/rollup-linux-arm-gnueabihf" "4.28.1"
    "@rollup/rollup-linux-arm-musleabihf" "4.28.1"
    "@rollup/rollup-linux-arm64-gnu" "4.28.1"
    "@rollup/rollup-linux-arm64-musl" "4.28.1"
    "@rollup/rollup-linux-loongarch64-gnu" "4.28.1"
    "@rollup/rollup-linux-powerpc64le-gnu" "4.28.1"
    "@rollup/rollup-linux-riscv64-gnu" "4.28.1"
    "@rollup/rollup-linux-s390x-gnu" "4.28.1"
    "@rollup/rollup-linux-x64-gnu" "4.28.1"
    "@rollup/rollup-linux-x64-musl" "4.28.1"
    "@rollup/rollup-win32-arm64-msvc" "4.28.1"
    "@rollup/rollup-win32-ia32-msvc" "4.28.1"
    "@rollup/rollup-win32-x64-msvc" "4.28.1"
    fsevents "~2.3.2"

source-map-js@^1.0.2, source-map-js@^1.2.1:
  version "1.2.1"
  resolved "https://registry.npmmirror.com/source-map-js/-/source-map-js-1.2.1.tgz"
  integrity sha512-UXWMKhLOwVKb728IUtQPXxfYU+usdybtUrK/8uGE8CQMvrhOpwvzDBwj0QhSL7MQc7vIsISBG8VQ8+IDQxpfQA==

upath@^2.0.1:
  version "2.0.1"
  resolved "https://registry.npmmirror.com/upath/-/upath-2.0.1.tgz"
  integrity sha512-1uEe95xksV1O0CYKXo8vQvN1JEbtJp7lb7C5U9HMsIp6IVwntkH/oNUzyVNQSd4S1sYk2FpSSW44FqMc8qee5w==

vite-plugin-vuetify@^2.0.4, vite-plugin-vuetify@>=1.0.0-alpha.12:
  version "2.0.4"
  resolved "https://registry.npmmirror.com/vite-plugin-vuetify/-/vite-plugin-vuetify-2.0.4.tgz"
  integrity sha512-A4cliYUoP/u4AWSRVRvAPKgpgR987Pss7LpFa7s1GvOe8WjgDq92Rt3eVXrvgxGCWvZsPKziVqfHHdCMqeDhfw==
  dependencies:
    "@vuetify/loader-shared" "^2.0.3"
    debug "^4.3.3"
    upath "^2.0.1"

"vite@^5.0.0 || ^6.0.0", vite@^5.1.4, vite@>=5:
  version "5.4.11"
  resolved "https://registry.npmmirror.com/vite/-/vite-5.4.11.tgz"
  integrity sha512-c7jFQRklXua0mTzneGW9QVyxFjUgwcihC4bXEtujIo2ouWCe1Ajt/amn2PCxYnhYfd5k09JX3SB7OYWFKYqj8Q==
  dependencies:
    esbuild "^0.21.3"
    postcss "^8.4.43"
    rollup "^4.20.0"
  optionalDependencies:
    fsevents "~2.3.3"

vue-router@^4.0.1:
  version "4.5.0"
  resolved "https://registry.npmmirror.com/vue-router/-/vue-router-4.5.0.tgz"
  integrity sha512-HDuk+PuH5monfNuY+ct49mNmkCRK4xJAV9Ts4z9UFc4rzdDnxQLyCMGGc8pKhZhHTVzfanpNwB/lwqevcBwI4w==
  dependencies:
    "@vue/devtools-api" "^6.6.4"

vue@^3.0.0, vue@^3.2.0, vue@^3.2.25, vue@^3.3.0, vue@^3.4.19, vue@3.4.20:
  version "3.4.20"
  resolved "https://registry.npmmirror.com/vue/-/vue-3.4.20.tgz"
  integrity sha512-xF4zDKXp67NjgORFX/HOuaiaKYjgxkaToK0KWglFQEYlCw9AqgBlj1yu5xa6YaRek47w2IGiuvpvrGg/XuQFCw==
  dependencies:
    "@vue/compiler-dom" "3.4.20"
    "@vue/compiler-sfc" "3.4.20"
    "@vue/runtime-dom" "3.4.20"
    "@vue/server-renderer" "3.4.20"
    "@vue/shared" "3.4.20"

vuetify@^3.0.0, vuetify@3.5.2:
  version "3.5.2"
  resolved "https://registry.npmmirror.com/vuetify/-/vuetify-3.5.2.tgz"
  integrity sha512-H/g9+8Loykt50qe9mruHkwWsAIgfQ8gO+SPTAV2uaCFmfYPSFRfu0aGcZ42iWu4bZ9ZkgswIIDaVsfnKINd8yg==
